// !$*UTF8*$!
{
	archiveVersion = 1;
	classes = {
	};
	objectVersion = 46;
	objects = {

/* Begin PBXBuildFile section */
		B6CF3C561E268713002DD2E9 /* classFile.cpp in Sources */ = {isa = PBXBuildFile; fileRef = B6CF3C4D1E268713002DD2E9 /* classFile.cpp */; };
		B6CF3C571E268713002DD2E9 /* classHeap.cpp in Sources */ = {isa = PBXBuildFile; fileRef = B6CF3C4F1E268713002DD2E9 /* classHeap.cpp */; };
		B6CF3C581E268713002DD2E9 /* classLoader.cpp in Sources */ = {isa = PBXBuildFile; fileRef = B6CF3C511E268713002DD2E9 /* classLoader.cpp */; };
		B6CF3C591E268713002DD2E9 /* main.cpp in Sources */ = {isa = PBXBuildFile; fileRef = B6CF3C541E268713002DD2E9 /* main.cpp */; };
/* End PBXBuildFile section */

/* Begin PBXCopyFilesBuildPhase section */
		B68168A31E244EC7009BF5B5 /* CopyFiles */ = {
			isa = PBXCopyFilesBuildPhase;
			buildActionMask = 2147483647;
			dstPath = /usr/share/man/man1/;
			dstSubfolderSpec = 0;
			files = (
			);
			runOnlyForDeploymentPostprocessing = 1;
		};
/* End PBXCopyFilesBuildPhase section */

/* Begin PBXFileReference section */
		B68168A51E244EC7009BF5B5 /* Runtime */ = {isa = PBXFileReference; explicitFileType = "compiled.mach-o.executable"; includeInIndex = 0; path = Runtime; sourceTree = BUILT_PRODUCTS_DIR; };
		B6CF3C4D1E268713002DD2E9 /* classFile.cpp */ = {isa = PBXFileReference; fileEncoding = 4; lastKnownFileType = sourcecode.cpp.cpp; path = classFile.cpp; sourceTree = "<group>"; };
		B6CF3C4E1E268713002DD2E9 /* classFile.hpp */ = {isa = PBXFileReference; fileEncoding = 4; lastKnownFileType = sourcecode.cpp.h; path = classFile.hpp; sourceTree = "<group>"; };
		B6CF3C4F1E268713002DD2E9 /* classHeap.cpp */ = {isa = PBXFileReference; fileEncoding = 4; lastKnownFileType = sourcecode.cpp.cpp; path = classHeap.cpp; sourceTree = "<group>"; };
		B6CF3C501E268713002DD2E9 /* classHeap.hpp */ = {isa = PBXFileReference; fileEncoding = 4; lastKnownFileType = sourcecode.cpp.h; path = classHeap.hpp; sourceTree = "<group>"; };
		B6CF3C511E268713002DD2E9 /* classLoader.cpp */ = {isa = PBXFileReference; fileEncoding = 4; lastKnownFileType = sourcecode.cpp.cpp; path = classLoader.cpp; sourceTree = "<group>"; };
		B6CF3C521E268713002DD2E9 /* classLoader.hpp */ = {isa = PBXFileReference; fileEncoding = 4; lastKnownFileType = sourcecode.cpp.h; path = classLoader.hpp; sourceTree = "<group>"; };
		B6CF3C531E268713002DD2E9 /* definitions.hpp */ = {isa = PBXFileReference; fileEncoding = 4; lastKnownFileType = sourcecode.cpp.h; path = definitions.hpp; sourceTree = "<group>"; };
		B6CF3C541E268713002DD2E9 /* main.cpp */ = {isa = PBXFileReference; fileEncoding = 4; lastKnownFileType = sourcecode.cpp.cpp; path = main.cpp; sourceTree = "<group>"; };
		B6CF3C551E268713002DD2E9 /* test */ = {isa = PBXFileReference; lastKnownFileType = folder; path = test; sourceTree = "<group>"; };
/* End PBXFileReference section */

/* Begin PBXFrameworksBuildPhase section */
		B68168A21E244EC7009BF5B5 /* Frameworks */ = {
			isa = PBXFrameworksBuildPhase;
			buildActionMask = 2147483647;
			files = (
			);
			runOnlyForDeploymentPostprocessing = 0;
		};
/* End PBXFrameworksBuildPhase section */

/* Begin PBXGroup section */
		B681689C1E244EC7009BF5B5 = {
			isa = PBXGroup;
			children = (
				B68168A71E244EC7009BF5B5 /* Runtime */,
				B68168A61E244EC7009BF5B5 /* Products */,
			);
			sourceTree = "<group>";
		};
		B68168A61E244EC7009BF5B5 /* Products */ = {
			isa = PBXGroup;
			children = (
				B68168A51E244EC7009BF5B5 /* Runtime */,
			);
			name = Products;
			sourceTree = "<group>";
		};
		B68168A71E244EC7009BF5B5 /* Runtime */ = {
			isa = PBXGroup;
			children = (
				B6CF3C5B1E268726002DD2E9 /* src */,
				B6CF3C5A1E26871C002DD2E9 /* include */,
				B6CF3C551E268713002DD2E9 /* test */,
			);
			path = Runtime;
			sourceTree = "<group>";
		};
		B6CF3C5A1E26871C002DD2E9 /* include */ = {
			isa = PBXGroup;
			children = (
				B6CF3C4E1E268713002DD2E9 /* classFile.hpp */,
				B6CF3C501E268713002DD2E9 /* classHeap.hpp */,
				B6CF3C521E268713002DD2E9 /* classLoader.hpp */,
				B6CF3C531E268713002DD2E9 /* definitions.hpp */,
			);
			name = include;
			sourceTree = "<group>";
		};
		B6CF3C5B1E268726002DD2E9 /* src */ = {
			isa = PBXGroup;
			children = (
				B6CF3C4D1E268713002DD2E9 /* classFile.cpp */,
				B6CF3C541E268713002DD2E9 /* main.cpp */,
				B6CF3C4F1E268713002DD2E9 /* classHeap.cpp */,
				B6CF3C511E268713002DD2E9 /* classLoader.cpp */,
			);
			name = src;
			sourceTree = "<group>";
		};
/* End PBXGroup section */

/* Begin PBXNativeTarget section */
		B68168A41E244EC7009BF5B5 /* Runtime */ = {
			isa = PBXNativeTarget;
			buildConfigurationList = B68168AC1E244EC7009BF5B5 /* Build configuration list for PBXNativeTarget "Runtime" */;
			buildPhases = (
				B68168A11E244EC7009BF5B5 /* Sources */,
				B68168A21E244EC7009BF5B5 /* Frameworks */,
				B68168A31E244EC7009BF5B5 /* CopyFiles */,
			);
			buildRules = (
			);
			dependencies = (
			);
			name = Runtime;
			productName = Runtime;
			productReference = B68168A51E244EC7009BF5B5 /* Runtime */;
			productType = "com.apple.product-type.tool";
		};
/* End PBXNativeTarget section */

/* Begin PBXProject section */
		B681689D1E244EC7009BF5B5 /* Project object */ = {
			isa = PBXProject;
			attributes = {
				LastUpgradeCheck = 0820;
				ORGANIZATIONNAME = "FIT ČVUT - RUN";
				TargetAttributes = {
					B68168A41E244EC7009BF5B5 = {
						CreatedOnToolsVersion = 8.2;
						ProvisioningStyle = Automatic;
					};
				};
			};
			buildConfigurationList = B68168A01E244EC7009BF5B5 /* Build configuration list for PBXProject "Runtime" */;
			compatibilityVersion = "Xcode 3.2";
			developmentRegion = English;
			hasScannedForEncodings = 0;
			knownRegions = (
				en,
			);
			mainGroup = B681689C1E244EC7009BF5B5;
			productRefGroup = B68168A61E244EC7009BF5B5 /* Products */;
			projectDirPath = "";
			projectRoot = "";
			targets = (
				B68168A41E244EC7009BF5B5 /* Runtime */,
			);
		};
/* End PBXProject section */

/* Begin PBXSourcesBuildPhase section */
		B68168A11E244EC7009BF5B5 /* Sources */ = {
			isa = PBXSourcesBuildPhase;
			buildActionMask = 2147483647;
			files = (
				B6CF3C571E268713002DD2E9 /* classHeap.cpp in Sources */,
				B6CF3C581E268713002DD2E9 /* classLoader.cpp in Sources */,
				B6CF3C591E268713002DD2E9 /* main.cpp in Sources */,
				B6CF3C561E268713002DD2E9 /* classFile.cpp in Sources */,
			);
			runOnlyForDeploymentPostprocessing = 0;
		};
/* End PBXSourcesBuildPhase section */

/* Begin XCBuildConfiguration section */
		B68168AA1E244EC7009BF5B5 /* Debug */ = {
			isa = XCBuildConfiguration;
			buildSettings = {
				ALWAYS_SEARCH_USER_PATHS = NO;
				CLANG_ANALYZER_NONNULL = YES;
				CLANG_CXX_LANGUAGE_STANDARD = "gnu++0x";
				CLANG_CXX_LIBRARY = "libc++";
				CLANG_ENABLE_MODULES = YES;
				CLANG_ENABLE_OBJC_ARC = YES;
				CLANG_WARN_BOOL_CONVERSION = YES;
				CLANG_WARN_CONSTANT_CONVERSION = YES;
				CLANG_WARN_DIRECT_OBJC_ISA_USAGE = YES_ERROR;
				CLANG_WARN_DOCUMENTATION_COMMENTS = YES;
				CLANG_WARN_EMPTY_BODY = YES;
				CLANG_WARN_ENUM_CONVERSION = YES;
				CLANG_WARN_INFINITE_RECURSION = YES;
				CLANG_WARN_INT_CONVERSION = YES;
				CLANG_WARN_OBJC_ROOT_CLASS = YES_ERROR;
				CLANG_WARN_SUSPICIOUS_MOVE = YES;
				CLANG_WARN_UNREACHABLE_CODE = YES;
				CLANG_WARN__DUPLICATE_METHOD_MATCH = YES;
				CODE_SIGN_IDENTITY = "-";
				COPY_PHASE_STRIP = NO;
				DEBUG_INFORMATION_FORMAT = dwarf;
				ENABLE_STRICT_OBJC_MSGSEND = YES;
				ENABLE_TESTABILITY = YES;
				GCC_C_LANGUAGE_STANDARD = gnu99;
				GCC_DYNAMIC_NO_PIC = NO;
				GCC_NO_COMMON_BLOCKS = YES;
				GCC_OPTIMIZATION_LEVEL = 0;
				GCC_PREPROCESSOR_DEFINITIONS = (
					"DEBUG=1",
					"$(inherited)",
				);
				GCC_WARN_64_TO_32_BIT_CONVERSION = YES;
				GCC_WARN_ABOUT_RETURN_TYPE = YES_ERROR;
				GCC_WARN_UNDECLARED_SELECTOR = YES;
				GCC_WARN_UNINITIALIZED_AUTOS = YES_AGGRESSIVE;
				GCC_WARN_UNUSED_FUNCTION = YES;
				GCC_WARN_UNUSED_VARIABLE = YES;
				MACOSX_DEPLOYMENT_TARGET = 10.11;
				MTL_ENABLE_DEBUG_INFO = YES;
				ONLY_ACTIVE_ARCH = YES;
				SDKROOT = macosx;
			};
			name = Debug;
		};
		B68168AB1E244EC7009BF5B5 /* Release */ = {
			isa = XCBuildConfiguration;
			buildSettings = {
				ALWAYS_SEARCH_USER_PATHS = NO;
				CLANG_ANALYZER_NONNULL = YES;
				CLANG_CXX_LANGUAGE_STANDARD = "gnu++0x";
				CLANG_CXX_LIBRARY = "libc++";
				CLANG_ENABLE_MODULES = YES;
				CLANG_ENABLE_OBJC_ARC = YES;
				CLANG_WARN_BOOL_CONVERSION = YES;
				CLANG_WARN_CONSTANT_CONVERSION = YES;
				CLANG_WARN_DIRECT_OBJC_ISA_USAGE = YES_ERROR;
				CLANG_WARN_DOCUMENTATION_COMMENTS = YES;
				CLANG_WARN_EMPTY_BODY = YES;
				CLANG_WARN_ENUM_CONVERSION = YES;
				CLANG_WARN_INFINITE_RECURSION = YES;
				CLANG_WARN_INT_CONVERSION = YES;
				CLANG_WARN_OBJC_ROOT_CLASS = YES_ERROR;
				CLANG_WARN_SUSPICIOUS_MOVE = YES;
				CLANG_WARN_UNREACHABLE_CODE = YES;
				CLANG_WARN__DUPLICATE_METHOD_MATCH = YES;
				CODE_SIGN_IDENTITY = "-";
				COPY_PHASE_STRIP = NO;
				DEBUG_INFORMATION_FORMAT = "dwarf-with-dsym";
				ENABLE_NS_ASSERTIONS = NO;
				ENABLE_STRICT_OBJC_MSGSEND = YES;
				GCC_C_LANGUAGE_STANDARD = gnu99;
				GCC_NO_COMMON_BLOCKS = YES;
				GCC_WARN_64_TO_32_BIT_CONVERSION = YES;
				GCC_WARN_ABOUT_RETURN_TYPE = YES_ERROR;
				GCC_WARN_UNDECLARED_SELECTOR = YES;
				GCC_WARN_UNINITIALIZED_AUTOS = YES_AGGRESSIVE;
				GCC_WARN_UNUSED_FUNCTION = YES;
				GCC_WARN_UNUSED_VARIABLE = YES;
				MACOSX_DEPLOYMENT_TARGET = 10.11;
				MTL_ENABLE_DEBUG_INFO = NO;
				SDKROOT = macosx;
			};
			name = Release;
		};
		B68168AD1E244EC7009BF5B5 /* Debug */ = {
			isa = XCBuildConfiguration;
			buildSettings = {
				PRODUCT_NAME = "$(TARGET_NAME)";
			};
			name = Debug;
		};
		B68168AE1E244EC7009BF5B5 /* Release */ = {
			isa = XCBuildConfiguration;
			buildSettings = {
				PRODUCT_NAME = "$(TARGET_NAME)";
			};
			name = Release;
		};
/* End XCBuildConfiguration section */

/* Begin XCConfigurationList section */
		B68168A01E244EC7009BF5B5 /* Build configuration list for PBXProject "Runtime" */ = {
			isa = XCConfigurationList;
			buildConfigurations = (
				B68168AA1E244EC7009BF5B5 /* Debug */,
				B68168AB1E244EC7009BF5B5 /* Release */,
			);
			defaultConfigurationIsVisible = 0;
			defaultConfigurationName = Release;
		};
		B68168AC1E244EC7009BF5B5 /* Build configuration list for PBXNativeTarget "Runtime" */ = {
			isa = XCConfigurationList;
			buildConfigurations = (
				B68168AD1E244EC7009BF5B5 /* Debug */,
				B68168AE1E244EC7009BF5B5 /* Release */,
			);
			defaultConfigurationIsVisible = 0;
			defaultConfigurationName = Release;
		};
/* End XCConfigurationList section */
	};
	rootObject = B681689D1E244EC7009BF5B5 /* Project object */;
}
